
Microsoft Visual Studio Solution File, Format Version 12.00
# Visual Studio Version 17
VisualStudioVersion = 17.14.36401.2 d17.14
MinimumVisualStudioVersion = 10.0.40219.1
Project("{FAE04EC0-301F-11D3-BF4B-00C04F79EFBC}") = "BULKYWEB", "BULKYWEB\BULKYWEB.csproj", "{0F6F9576-D8E1-495F-9F4F-7461D1E6A0A8}"
EndProject
Global
	GlobalSection(SolutionConfigurationPlatforms) = preSolution
		Debug|Any CPU = Debug|Any CPU
		Release|Any CPU = Release|Any CPU
	EndGlobalSection
	GlobalSection(ProjectConfigurationPlatforms) = postSolution
		{0F6F9576-D8E1-495F-9F4F-7461D1E6A0A8}.Debug|Any CPU.ActiveCfg = Debug|Any CPU
		{0F6F9576-D8E1-495F-9F4F-7461D1E6A0A8}.Debug|Any CPU.Build.0 = Debug|Any CPU
		{0F6F9576-D8E1-495F-9F4F-7461D1E6A0A8}.Release|Any CPU.ActiveCfg = Release|Any CPU
		{0F6F9576-D8E1-495F-9F4F-7461D1E6A0A8}.Release|Any CPU.Build.0 = Release|Any CPU
	EndGlobalSection
	GlobalSection(SolutionProperties) = preSolution
		HideSolutionNode = FALSE
	EndGlobalSection
	GlobalSection(ExtensibilityGlobals) = postSolution
		SolutionGuid = {DB661EA4-1E36-447C-A04B-8C5CD5728E2A}
	EndGlobalSection
EndGlobal
